// !$*UTF8*$!
{
	archiveVersion = 1;
	classes = {
	};
	objectVersion = 46;
	objects = {

/* Begin PBXBuildFile section */
		4A0C82161A6E124A002786D4 /* AppDelegate.swift in Sources */ = {isa = PBXBuildFile; fileRef = 4A0C82151A6E124A002786D4 /* AppDelegate.swift */; };
		4A0C82181A6E124A002786D4 /* ViewController.swift in Sources */ = {isa = PBXBuildFile; fileRef = 4A0C82171A6E124A002786D4 /* ViewController.swift */; };
		4A0C821B1A6E124A002786D4 /* Main.storyboard in Resources */ = {isa = PBXBuildFile; fileRef = 4A0C82191A6E124A002786D4 /* Main.storyboard */; };
		4A0C821D1A6E124A002786D4 /* Images.xcassets in Resources */ = {isa = PBXBuildFile; fileRef = 4A0C821C1A6E124A002786D4 /* Images.xcassets */; };
		4A0C82201A6E124A002786D4 /* LaunchScreen.xib in Resources */ = {isa = PBXBuildFile; fileRef = 4A0C821E1A6E124A002786D4 /* LaunchScreen.xib */; };
		4A0C822C1A6E124B002786D4 /* Chapter7Tests.swift in Sources */ = {isa = PBXBuildFile; fileRef = 4A0C822B1A6E124B002786D4 /* Chapter7Tests.swift */; };
		4A180BB01A6E7E2C00B928F1 /* Icon@3x.png in Resources */ = {isa = PBXBuildFile; fileRef = 4A180BAF1A6E7E2C00B928F1 /* Icon@3x.png */; };
/* End PBXBuildFile section */

/* Begin PBXContainerItemProxy section */
		4A0C82261A6E124B002786D4 /* PBXContainerItemProxy */ = {
			isa = PBXContainerItemProxy;
			containerPortal = 4A0C82081A6E124A002786D4 /* Project object */;
			proxyType = 1;
			remoteGlobalIDString = 4A0C820F1A6E124A002786D4;
			remoteInfo = Chapter7;
		};
/* End PBXContainerItemProxy section */

/* Begin PBXFileReference section */
		4A0C82101A6E124A002786D4 /* Chapter7.app */ = {isa = PBXFileReference; explicitFileType = wrapper.application; includeInIndex = 0; path = Chapter7.app; sourceTree = BUILT_PRODUCTS_DIR; };
		4A0C82141A6E124A002786D4 /* Info.plist */ = {isa = PBXFileReference; lastKnownFileType = text.plist.xml; path = Info.plist; sourceTree = "<group>"; };
		4A0C82151A6E124A002786D4 /* AppDelegate.swift */ = {isa = PBXFileReference; lastKnownFileType = sourcecode.swift; path = AppDelegate.swift; sourceTree = "<group>"; };
		4A0C82171A6E124A002786D4 /* ViewController.swift */ = {isa = PBXFileReference; lastKnownFileType = sourcecode.swift; path = ViewController.swift; sourceTree = "<group>"; };
		4A0C821A1A6E124A002786D4 /* Base */ = {isa = PBXFileReference; lastKnownFileType = file.storyboard; name = Base; path = Base.lproj/Main.storyboard; sourceTree = "<group>"; };
		4A0C821C1A6E124A002786D4 /* Images.xcassets */ = {isa = PBXFileReference; lastKnownFileType = folder.assetcatalog; path = Images.xcassets; sourceTree = "<group>"; };
		4A0C821F1A6E124A002786D4 /* Base */ = {isa = PBXFileReference; lastKnownFileType = file.xib; name = Base; path = Base.lproj/LaunchScreen.xib; sourceTree = "<group>"; };
		4A0C82251A6E124B002786D4 /* Chapter7Tests.xctest */ = {isa = PBXFileReference; explicitFileType = wrapper.cfbundle; includeInIndex = 0; path = Chapter7Tests.xctest; sourceTree = BUILT_PRODUCTS_DIR; };
		4A0C822A1A6E124B002786D4 /* Info.plist */ = {isa = PBXFileReference; lastKnownFileType = text.plist.xml; path = Info.plist; sourceTree = "<group>"; };
		4A0C822B1A6E124B002786D4 /* Chapter7Tests.swift */ = {isa = PBXFileReference; lastKnownFileType = sourcecode.swift; path = Chapter7Tests.swift; sourceTree = "<group>"; };
		4A180BAF1A6E7E2C00B928F1 /* Icon@3x.png */ = {isa = PBXFileReference; lastKnownFileType = image.png; path = "Icon@3x.png"; sourceTree = "<group>"; };
/* End PBXFileReference section */

/* Begin PBXFrameworksBuildPhase section */
		4A0C820D1A6E124A002786D4 /* Frameworks */ = {
			isa = PBXFrameworksBuildPhase;
			buildActionMask = 2147483647;
			files = (
			);
			runOnlyForDeploymentPostprocessing = 0;
		};
		4A0C82221A6E124B002786D4 /* Frameworks */ = {
			isa = PBXFrameworksBuildPhase;
			buildActionMask = 2147483647;
			files = (
			);
			runOnlyForDeploymentPostprocessing = 0;
		};
/* End PBXFrameworksBuildPhase section */

/* Begin PBXGroup section */
		4A0C82071A6E124A002786D4 = {
			isa = PBXGroup;
			children = (
				4A0C82121A6E124A002786D4 /* Chapter7 */,
				4A0C82281A6E124B002786D4 /* Chapter7Tests */,
				4A0C82111A6E124A002786D4 /* Products */,
			);
			sourceTree = "<group>";
		};
		4A0C82111A6E124A002786D4 /* Products */ = {
			isa = PBXGroup;
			children = (
				4A0C82101A6E124A002786D4 /* Chapter7.app */,
				4A0C82251A6E124B002786D4 /* Chapter7Tests.xctest */,
			);
			name = Products;
			sourceTree = "<group>";
		};
		4A0C82121A6E124A002786D4 /* Chapter7 */ = {
			isa = PBXGroup;
			children = (
				4A180BAF1A6E7E2C00B928F1 /* Icon@3x.png */,
				4A0C82151A6E124A002786D4 /* AppDelegate.swift */,
				4A0C82171A6E124A002786D4 /* ViewController.swift */,
				4A0C82191A6E124A002786D4 /* Main.storyboard */,
				4A0C821C1A6E124A002786D4 /* Images.xcassets */,
				4A0C821E1A6E124A002786D4 /* LaunchScreen.xib */,
				4A0C82131A6E124A002786D4 /* Supporting Files */,
			);
			path = Chapter7;
			sourceTree = "<group>";
		};
		4A0C82131A6E124A002786D4 /* Supporting Files */ = {
			isa = PBXGroup;
			children = (
				4A0C82141A6E124A002786D4 /* Info.plist */,
			);
			name = "Supporting Files";
			sourceTree = "<group>";
		};
		4A0C82281A6E124B002786D4 /* Chapter7Tests */ = {
			isa = PBXGroup;
			children = (
				4A0C822B1A6E124B002786D4 /* Chapter7Tests.swift */,
				4A0C82291A6E124B002786D4 /* Supporting Files */,
			);
			path = Chapter7Tests;
			sourceTree = "<group>";
		};
		4A0C82291A6E124B002786D4 /* Supporting Files */ = {
			isa = PBXGroup;
			children = (
				4A0C822A1A6E124B002786D4 /* Info.plist */,
			);
			name = "Supporting Files";
			sourceTree = "<group>";
		};
/* End PBXGroup section */

/* Begin PBXNativeTarget section */
		4A0C820F1A6E124A002786D4 /* Chapter7 */ = {
			isa = PBXNativeTarget;
			buildConfigurationList = 4A0C822F1A6E124B002786D4 /* Build configuration list for PBXNativeTarget "Chapter7" */;
			buildPhases = (
				4A0C820C1A6E124A002786D4 /* Sources */,
				4A0C820D1A6E124A002786D4 /* Frameworks */,
				4A0C820E1A6E124A002786D4 /* Resources */,
			);
			buildRules = (
			);
			dependencies = (
			);
			name = Chapter7;
			productName = Chapter7;
			productReference = 4A0C82101A6E124A002786D4 /* Chapter7.app */;
			productType = "com.apple.product-type.application";
		};
		4A0C82241A6E124B002786D4 /* Chapter7Tests */ = {
			isa = PBXNativeTarget;
			buildConfigurationList = 4A0C82321A6E124B002786D4 /* Build configuration list for PBXNativeTarget "Chapter7Tests" */;
			buildPhases = (
				4A0C82211A6E124B002786D4 /* Sources */,
				4A0C82221A6E124B002786D4 /* Frameworks */,
				4A0C82231A6E124B002786D4 /* Resources */,
			);
			buildRules = (
			);
			dependencies = (
				4A0C82271A6E124B002786D4 /* PBXTargetDependency */,
			);
			name = Chapter7Tests;
			productName = Chapter7Tests;
			productReference = 4A0C82251A6E124B002786D4 /* Chapter7Tests.xctest */;
			productType = "com.apple.product-type.bundle.unit-test";
		};
/* End PBXNativeTarget section */

/* Begin PBXProject section */
		4A0C82081A6E124A002786D4 /* Project object */ = {
			isa = PBXProject;
			attributes = {
				LastUpgradeCheck = 0610;
				ORGANIZATIONNAME = "OZ Apps";
				TargetAttributes = {
					4A0C820F1A6E124A002786D4 = {
						CreatedOnToolsVersion = 6.1.1;
					};
					4A0C82241A6E124B002786D4 = {
						CreatedOnToolsVersion = 6.1.1;
						TestTargetID = 4A0C820F1A6E124A002786D4;
					};
				};
			};
			buildConfigurationList = 4A0C820B1A6E124A002786D4 /* Build configuration list for PBXProject "Chapter7" */;
			compatibilityVersion = "Xcode 3.2";
			developmentRegion = English;
			hasScannedForEncodings = 0;
			knownRegions = (
				en,
				Base,
			);
			mainGroup = 4A0C82071A6E124A002786D4;
			productRefGroup = 4A0C82111A6E124A002786D4 /* Products */;
			projectDirPath = "";
			projectRoot = "";
			targets = (
				4A0C820F1A6E124A002786D4 /* Chapter7 */,
				4A0C82241A6E124B002786D4 /* Chapter7Tests */,
			);
		};
/* End PBXProject section */

/* Begin PBXResourcesBuildPhase section */
		4A0C820E1A6E124A002786D4 /* Resources */ = {
			isa = PBXResourcesBuildPhase;
			buildActionMask = 2147483647;
			files = (
				4A0C821B1A6E124A002786D4 /* Main.storyboard in Resources */,
				4A0C82201A6E124A002786D4 /* LaunchScreen.xib in Resources */,
				4A180BB01A6E7E2C00B928F1 /* Icon@3x.png in Resources */,
				4A0C821D1A6E124A002786D4 /* Images.xcassets in Resources */,
			);
			runOnlyForDeploymentPostprocessing = 0;
		};
		4A0C82231A6E124B002786D4 /* Resources */ = {
			isa = PBXResourcesBuildPhase;
			buildActionMask = 2147483647;
			files = (
			);
			runOnlyForDeploymentPostprocessing = 0;
		};
/* End PBXResourcesBuildPhase section */

/* Begin PBXSourcesBuildPhase section */
		4A0C820C1A6E124A002786D4 /* Sources */ = {
			isa = PBXSourcesBuildPhase;
			buildActionMask = 2147483647;
			files = (
				4A0C82181A6E124A002786D4 /* ViewController.swift in Sources */,
				4A0C82161A6E124A002786D4 /* AppDelegate.swift in Sources */,
			);
			runOnlyForDeploymentPostprocessing = 0;
		};
		4A0C82211A6E124B002786D4 /* Sources */ = {
			isa = PBXSourcesBuildPhase;
			buildActionMask = 2147483647;
			files = (
				4A0C822C1A6E124B002786D4 /* Chapter7Tests.swift in Sources */,
			);
			runOnlyForDeploymentPostprocessing = 0;
		};
/* End PBXSourcesBuildPhase section */

/* Begin PBXTargetDependency section */
		4A0C82271A6E124B002786D4 /* PBXTargetDependency */ = {
			isa = PBXTargetDependency;
			target = 4A0C820F1A6E124A002786D4 /* Chapter7 */;
			targetProxy = 4A0C82261A6E124B002786D4 /* PBXContainerItemProxy */;
		};
/* End PBXTargetDependency section */

/* Begin PBXVariantGroup section */
		4A0C82191A6E124A002786D4 /* Main.storyboard */ = {
			isa = PBXVariantGroup;
			children = (
				4A0C821A1A6E124A002786D4 /* Base */,
			);
			name = Main.storyboard;
			sourceTree = "<group>";
		};
		4A0C821E1A6E124A002786D4 /* LaunchScreen.xib */ = {
			isa = PBXVariantGroup;
			children = (
				4A0C821F1A6E124A002786D4 /* Base */,
			);
			name = LaunchScreen.xib;
			sourceTree = "<group>";
		};
/* End PBXVariantGroup section */

/* Begin XCBuildConfiguration section */
		4A0C822D1A6E124B002786D4 /* Debug */ = {
			isa = XCBuildConfiguration;
			buildSettings = {
				ALWAYS_SEARCH_USER_PATHS = NO;
				CLANG_CXX_LANGUAGE_STANDARD = "gnu++0x";
				CLANG_CXX_LIBRARY = "libc++";
				CLANG_ENABLE_MODULES = YES;
				CLANG_ENABLE_OBJC_ARC = YES;
				CLANG_WARN_BOOL_CONVERSION = YES;
				CLANG_WARN_CONSTANT_CONVERSION = YES;
				CLANG_WARN_DIRECT_OBJC_ISA_USAGE = YES_ERROR;
				CLANG_WARN_EMPTY_BODY = YES;
				CLANG_WARN_ENUM_CONVERSION = YES;
				CLANG_WARN_INT_CONVERSION = YES;
				CLANG_WARN_OBJC_ROOT_CLASS = YES_ERROR;
				CLANG_WARN_UNREACHABLE_CODE = YES;
				CLANG_WARN__DUPLICATE_METHOD_MATCH = YES;
				"CODE_SIGN_IDENTITY[sdk=iphoneos*]" = "iPhone Developer";
				COPY_PHASE_STRIP = NO;
				ENABLE_STRICT_OBJC_MSGSEND = YES;
				GCC_C_LANGUAGE_STANDARD = gnu99;
				GCC_DYNAMIC_NO_PIC = NO;
				GCC_OPTIMIZATION_LEVEL = 0;
				GCC_PREPROCESSOR_DEFINITIONS = (
					"DEBUG=1",
					"$(inherited)",
				);
				GCC_SYMBOLS_PRIVATE_EXTERN = NO;
				GCC_WARN_64_TO_32_BIT_CONVERSION = YES;
				GCC_WARN_ABOUT_RETURN_TYPE = YES_ERROR;
				GCC_WARN_UNDECLARED_SELECTOR = YES;
				GCC_WARN_UNINITIALIZED_AUTOS = YES_AGGRESSIVE;
				GCC_WARN_UNUSED_FUNCTION = YES;
				GCC_WARN_UNUSED_VARIABLE = YES;
				IPHONEOS_DEPLOYMENT_TARGET = 8.1;
				MTL_ENABLE_DEBUG_INFO = YES;
				ONLY_ACTIVE_ARCH = YES;
				SDKROOT = iphoneos;
				SWIFT_OPTIMIZATION_LEVEL = "-Onone";
			};
			name = Debug;
		};
		4A0C822E1A6E124B002786D4 /* Release */ = {
			isa = XCBuildConfiguration;
			buildSettings = {
				ALWAYS_SEARCH_USER_PATHS = NO;
				CLANG_CXX_LANGUAGE_STANDARD = "gnu++0x";
				CLANG_CXX_LIBRARY = "libc++";
				CLANG_ENABLE_MODULES = YES;
				CLANG_ENABLE_OBJC_ARC = YES;
				CLANG_WARN_BOOL_CONVERSION = YES;
				CLANG_WARN_CONSTANT_CONVERSION = YES;
				CLANG_WARN_DIRECT_OBJC_ISA_USAGE = YES_ERROR;
				CLANG_WARN_EMPTY_BODY = YES;
				CLANG_WARN_ENUM_CONVERSION = YES;
				CLANG_WARN_INT_CONVERSION = YES;
				CLANG_WARN_OBJC_ROOT_CLASS = YES_ERROR;
				CLANG_WARN_UNREACHABLE_CODE = YES;
				CLANG_WARN__DUPLICATE_METHOD_MATCH = YES;
				"CODE_SIGN_IDENTITY[sdk=iphoneos*]" = "iPhone Developer";
				COPY_PHASE_STRIP = YES;
				ENABLE_NS_ASSERTIONS = NO;
				ENABLE_STRICT_OBJC_MSGSEND = YES;
				GCC_C_LANGUAGE_STANDARD = gnu99;
				GCC_WARN_64_TO_32_BIT_CONVERSION = YES;
				GCC_WARN_ABOUT_RETURN_TYPE = YES_ERROR;
				GCC_WARN_UNDECLARED_SELECTOR = YES;
				GCC_WARN_UNINITIALIZED_AUTOS = YES_AGGRESSIVE;
				GCC_WARN_UNUSED_FUNCTION = YES;
				GCC_WARN_UNUSED_VARIABLE = YES;
				IPHONEOS_DEPLOYMENT_TARGET = 8.1;
				MTL_ENABLE_DEBUG_INFO = NO;
				SDKROOT = iphoneos;
				VALIDATE_PRODUCT = YES;
			};
			name = Release;
		};
		4A0C82301A6E124B002786D4 /* Debug */ = {
			isa = XCBuildConfiguration;
			buildSettings = {
				ASSETCATALOG_COMPILER_APPICON_NAME = AppIcon;
				ASSETCATALOG_COMPILER_LAUNCHIMAGE_NAME = LaunchImage;
				INFOPLIST_FILE = Chapter7/Info.plist;
				LD_RUNPATH_SEARCH_PATHS = "$(inherited) @executable_path/Frameworks";
				PRODUCT_NAME = "$(TARGET_NAME)";
			};
			name = Debug;
		};
		4A0C82311A6E124B002786D4 /* Release */ = {
			isa = XCBuildConfiguration;
			buildSettings = {
				ASSETCATALOG_COMPILER_APPICON_NAME = AppIcon;
				ASSETCATALOG_COMPILER_LAUNCHIMAGE_NAME = LaunchImage;
				INFOPLIST_FILE = Chapter7/Info.plist;
				LD_RUNPATH_SEARCH_PATHS = "$(inherited) @executable_path/Frameworks";
				PRODUCT_NAME = "$(TARGET_NAME)";
			};
			name = Release;
		};
		4A0C82331A6E124B002786D4 /* Debug */ = {
			isa = XCBuildConfiguration;
			buildSettings = {
				BUNDLE_LOADER = "$(TEST_HOST)";
				FRAMEWORK_SEARCH_PATHS = (
					"$(SDKROOT)/Developer/Library/Frameworks",
					"$(inherited)",
				);
				GCC_PREPROCESSOR_DEFINITIONS = (
					"DEBUG=1",
					"$(inherited)",
				);
				INFOPLIST_FILE = Chapter7Tests/Info.plist;
				LD_RUNPATH_SEARCH_PATHS = "$(inherited) @executable_path/Frameworks @loader_path/Frameworks";
				PRODUCT_NAME = "$(TARGET_NAME)";
				TEST_HOST = "$(BUILT_PRODUCTS_DIR)/Chapter7.app/Chapter7";
			};
			name = Debug;
		};
		4A0C82341A6E124B002786D4 /* Release */ = {
			isa = XCBuildConfiguration;
			buildSettings = {
				BUNDLE_LOADER = "$(TEST_HOST)";
				FRAMEWORK_SEARCH_PATHS = (
					"$(SDKROOT)/Developer/Library/Frameworks",
					"$(inherited)",
				);
				INFOPLIST_FILE = Chapter7Tests/Info.plist;
				LD_RUNPATH_SEARCH_PATHS = "$(inherited) @executable_path/Frameworks @loader_path/Frameworks";
				PRODUCT_NAME = "$(TARGET_NAME)";
				TEST_HOST = "$(BUILT_PRODUCTS_DIR)/Chapter7.app/Chapter7";
			};
			name = Release;
		};
/* End XCBuildConfiguration section */

/* Begin XCConfigurationList section */
		4A0C820B1A6E124A002786D4 /* Build configuration list for PBXProject "Chapter7" */ = {
			isa = XCConfigurationList;
			buildConfigurations = (
				4A0C822D1A6E124B002786D4 /* Debug */,
				4A0C822E1A6E124B002786D4 /* Release */,
			);
			defaultConfigurationIsVisible = 0;
			defaultConfigurationName = Release;
		};
		4A0C822F1A6E124B002786D4 /* Build configuration list for PBXNativeTarget "Chapter7" */ = {
			isa = XCConfigurationList;
			buildConfigurations = (
				4A0C82301A6E124B002786D4 /* Debug */,
				4A0C82311A6E124B002786D4 /* Release */,
			);
			defaultConfigurationIsVisible = 0;
			defaultConfigurationName = Release;
		};
		4A0C82321A6E124B002786D4 /* Build configuration list for PBXNativeTarget "Chapter7Tests" */ = {
			isa = XCConfigurationList;
			buildConfigurations = (
				4A0C82331A6E124B002786D4 /* Debug */,
				4A0C82341A6E124B002786D4 /* Release */,
			);
			defaultConfigurationIsVisible = 0;
			defaultConfigurationName = Release;
		};
/* End XCConfigurationList section */
	};
	rootObject = 4A0C82081A6E124A002786D4 /* Project object */;
}
